// !$*UTF8*$!
{
	archiveVersion = 1;
	classes = {
	};
	objectVersion = 46;
	objects = {

/* Begin PBXBuildFile section */
		C59FE2A71C91A3780029F568 /* AppDelegate.swift in Sources */ = {isa = PBXBuildFile; fileRef = C59FE2A61C91A3780029F568 /* AppDelegate.swift */; };
		C59FE2A91C91A3780029F568 /* ViewController.swift in Sources */ = {isa = PBXBuildFile; fileRef = C59FE2A81C91A3780029F568 /* ViewController.swift */; };
		C59FE2AC1C91A3780029F568 /* Main.storyboard in Resources */ = {isa = PBXBuildFile; fileRef = C59FE2AA1C91A3780029F568 /* Main.storyboard */; };
		C59FE2AE1C91A3780029F568 /* Assets.xcassets in Resources */ = {isa = PBXBuildFile; fileRef = C59FE2AD1C91A3780029F568 /* Assets.xcassets */; };
		C59FE2B11C91A3780029F568 /* LaunchScreen.storyboard in Resources */ = {isa = PBXBuildFile; fileRef = C59FE2AF1C91A3780029F568 /* LaunchScreen.storyboard */; };
/* End PBXBuildFile section */

/* Begin PBXFileReference section */
		C59FE2A31C91A3780029F568 /* SuperCool.app */ = {isa = PBXFileReference; explicitFileType = wrapper.application; includeInIndex = 0; path = SuperCool.app; sourceTree = BUILT_PRODUCTS_DIR; };
		C59FE2A61C91A3780029F568 /* AppDelegate.swift */ = {isa = PBXFileReference; lastKnownFileType = sourcecode.swift; path = AppDelegate.swift; sourceTree = "<group>"; };
		C59FE2A81C91A3780029F568 /* ViewController.swift */ = {isa = PBXFileReference; lastKnownFileType = sourcecode.swift; path = ViewController.swift; sourceTree = "<group>"; };
		C59FE2AB1C91A3780029F568 /* Base */ = {isa = PBXFileReference; lastKnownFileType = file.storyboard; name = Base; path = Base.lproj/Main.storyboard; sourceTree = "<group>"; };
		C59FE2AD1C91A3780029F568 /* Assets.xcassets */ = {isa = PBXFileReference; lastKnownFileType = folder.assetcatalog; path = Assets.xcassets; sourceTree = "<group>"; };
		C59FE2B01C91A3780029F568 /* Base */ = {isa = PBXFileReference; lastKnownFileType = file.storyboard; name = Base; path = Base.lproj/LaunchScreen.storyboard; sourceTree = "<group>"; };
		C59FE2B21C91A3780029F568 /* Info.plist */ = {isa = PBXFileReference; lastKnownFileType = text.plist.xml; path = Info.plist; sourceTree = "<group>"; };
/* End PBXFileReference section */

/* Begin PBXFrameworksBuildPhase section */
		C59FE2A01C91A3770029F568 /* Frameworks */ = {
			isa = PBXFrameworksBuildPhase;
			buildActionMask = 2147483647;
			files = (
			);
			runOnlyForDeploymentPostprocessing = 0;
		};
/* End PBXFrameworksBuildPhase section */

/* Begin PBXGroup section */
		C59FE29A1C91A3770029F568 = {
			isa = PBXGroup;
			children = (
				C59FE2A51C91A3780029F568 /* SuperCool */,
				C59FE2A41C91A3780029F568 /* Products */,
			);
			sourceTree = "<group>";
		};
		C59FE2A41C91A3780029F568 /* Products */ = {
			isa = PBXGroup;
			children = (
				C59FE2A31C91A3780029F568 /* SuperCool.app */,
			);
			name = Products;
			sourceTree = "<group>";
		};
		C59FE2A51C91A3780029F568 /* SuperCool */ = {
			isa = PBXGroup;
			children = (
				C59FE2A61C91A3780029F568 /* AppDelegate.swift */,
				C59FE2A81C91A3780029F568 /* ViewController.swift */,
				C59FE2AA1C91A3780029F568 /* Main.storyboard */,
				C59FE2AD1C91A3780029F568 /* Assets.xcassets */,
				C59FE2AF1C91A3780029F568 /* LaunchScreen.storyboard */,
				C59FE2B21C91A3780029F568 /* Info.plist */,
			);
			path = SuperCool;
			sourceTree = "<group>";
		};
/* End PBXGroup section */

/* Begin PBXNativeTarget section */
		C59FE2A21C91A3770029F568 /* SuperCool */ = {
			isa = PBXNativeTarget;
			buildConfigurationList = C59FE2B51C91A3780029F568 /* Build configuration list for PBXNativeTarget "SuperCool" */;
			buildPhases = (
				C59FE29F1C91A3770029F568 /* Sources */,
				C59FE2A01C91A3770029F568 /* Frameworks */,
				C59FE2A11C91A3770029F568 /* Resources */,
			);
			buildRules = (
			);
			dependencies = (
			);
			name = SuperCool;
			productName = SuperCool;
			productReference = C59FE2A31C91A3780029F568 /* SuperCool.app */;
			productType = "com.apple.product-type.application";
		};
/* End PBXNativeTarget section */

/* Begin PBXProject section */
		C59FE29B1C91A3770029F568 /* Project object */ = {
			isa = PBXProject;
			attributes = {
				LastSwiftUpdateCheck = 0720;
				LastUpgradeCheck = 0720;
				ORGANIZATIONNAME = "Lars Kwiatkowski";
				TargetAttributes = {
					C59FE2A21C91A3770029F568 = {
						CreatedOnToolsVersion = 7.2.1;
					};
				};
			};
			buildConfigurationList = C59FE29E1C91A3770029F568 /* Build configuration list for PBXProject "SuperCool" */;
			compatibilityVersion = "Xcode 3.2";
			developmentRegion = English;
			hasScannedForEncodings = 0;
			knownRegions = (
				en,
				Base,
			);
			mainGroup = C59FE29A1C91A3770029F568;
			productRefGroup = C59FE2A41C91A3780029F568 /* Products */;
			projectDirPath = "";
			projectRoot = "";
			targets = (
				C59FE2A21C91A3770029F568 /* SuperCool */,
			);
		};
/* End PBXProject section */

/* Begin PBXResourcesBuildPhase section */
		C59FE2A11C91A3770029F568 /* Resources */ = {
			isa = PBXResourcesBuildPhase;
			buildActionMask = 2147483647;
			files = (
				C59FE2B11C91A3780029F568 /* LaunchScreen.storyboard in Resources */,
				C59FE2AE1C91A3780029F568 /* Assets.xcassets in Resources */,
				C59FE2AC1C91A3780029F568 /* Main.storyboard in Resources */,
			);
			runOnlyForDeploymentPostprocessing = 0;
		};
/* End PBXResourcesBuildPhase section */

/* Begin PBXSourcesBuildPhase section */
		C59FE29F1C91A3770029F568 /* Sources */ = {
			isa = PBXSourcesBuildPhase;
			buildActionMask = 2147483647;
			files = (
				C59FE2A91C91A3780029F568 /* ViewController.swift in Sources */,
				C59FE2A71C91A3780029F568 /* AppDelegate.swift in Sources */,
			);
			runOnlyForDeploymentPostprocessing = 0;
		};
/* End PBXSourcesBuildPhase section */

/* Begin PBXVariantGroup section */
		C59FE2AA1C91A3780029F568 /* Main.storyboard */ = {
			isa = PBXVariantGroup;
			children = (
				C59FE2AB1C91A3780029F568 /* Base */,
			);
			name = Main.storyboard;
			sourceTree = "<group>";
		};
		C59FE2AF1C91A3780029F568 /* LaunchScreen.storyboard */ = {
			isa = PBXVariantGroup;
			children = (
				C59FE2B01C91A3780029F568 /* Base */,
			);
			name = LaunchScreen.storyboard;
			sourceTree = "<group>";
		};
/* End PBXVariantGroup section */

/* Begin XCBuildConfiguration section */
		C59FE2B31C91A3780029F568 /* Debug */ = {
			isa = XCBuildConfiguration;
			buildSettings = {
				ALWAYS_SEARCH_USER_PATHS = NO;
				CLANG_CXX_LANGUAGE_STANDARD = "gnu++0x";
				CLANG_CXX_LIBRARY = "libc++";
				CLANG_ENABLE_MODULES = YES;
				CLANG_ENABLE_OBJC_ARC = YES;
				CLANG_WARN_BOOL_CONVERSION = YES;
				CLANG_WARN_CONSTANT_CONVERSION = YES;
				CLANG_WARN_DIRECT_OBJC_ISA_USAGE = YES_ERROR;
				CLANG_WARN_EMPTY_BODY = YES;
				CLANG_WARN_ENUM_CONVERSION = YES;
				CLANG_WARN_INT_CONVERSION = YES;
				CLANG_WARN_OBJC_ROOT_CLASS = YES_ERROR;
				CLANG_WARN_UNREACHABLE_CODE = YES;
				CLANG_WARN__DUPLICATE_METHOD_MATCH = YES;
				"CODE_SIGN_IDENTITY[sdk=iphoneos*]" = "iPhone Developer";
				COPY_PHASE_STRIP = NO;
				DEBUG_INFORMATION_FORMAT = dwarf;
				ENABLE_STRICT_OBJC_MSGSEND = YES;
				ENABLE_TESTABILITY = YES;
				GCC_C_LANGUAGE_STANDARD = gnu99;
				GCC_DYNAMIC_NO_PIC = NO;
				GCC_NO_COMMON_BLOCKS = YES;
				GCC_OPTIMIZATION_LEVEL = 0;
				GCC_PREPROCESSOR_DEFINITIONS = (
					"DEBUG=1",
					"$(inherited)",
				);
				GCC_WARN_64_TO_32_BIT_CONVERSION = YES;
				GCC_WARN_ABOUT_RETURN_TYPE = YES_ERROR;
				GCC_WARN_UNDECLARED_SELECTOR = YES;
				GCC_WARN_UNINITIALIZED_AUTOS = YES_AGGRESSIVE;
				GCC_WARN_UNUSED_FUNCTION = YES;
				GCC_WARN_UNUSED_VARIABLE = YES;
				IPHONEOS_DEPLOYMENT_TARGET = 9.2;
				MTL_ENABLE_DEBUG_INFO = YES;
				ONLY_ACTIVE_ARCH = YES;
				SDKROOT = iphoneos;
				SWIFT_OPTIMIZATION_LEVEL = "-Onone";
			};
			name = Debug;
		};
		C59FE2B41C91A3780029F568 /* Release */ = {
			isa = XCBuildConfiguration;
			buildSettings = {
				ALWAYS_SEARCH_USER_PATHS = NO;
				CLANG_CXX_LANGUAGE_STANDARD = "gnu++0x";
				CLANG_CXX_LIBRARY = "libc++";
				CLANG_ENABLE_MODULES = YES;
				CLANG_ENABLE_OBJC_ARC = YES;
				CLANG_WARN_BOOL_CONVERSION = YES;
				CLANG_WARN_CONSTANT_CONVERSION = YES;
				CLANG_WARN_DIRECT_OBJC_ISA_USAGE = YES_ERROR;
				CLANG_WARN_EMPTY_BODY = YES;
				CLANG_WARN_ENUM_CONVERSION = YES;
				CLANG_WARN_INT_CONVERSION = YES;
				CLANG_WARN_OBJC_ROOT_CLASS = YES_ERROR;
				CLANG_WARN_UNREACHABLE_CODE = YES;
				CLANG_WARN__DUPLICATE_METHOD_MATCH = YES;
				"CODE_SIGN_IDENTITY[sdk=iphoneos*]" = "iPhone Developer";
				COPY_PHASE_STRIP = NO;
				DEBUG_INFORMATION_FORMAT = "dwarf-with-dsym";
				ENABLE_NS_ASSERTIONS = NO;
				ENABLE_STRICT_OBJC_MSGSEND = YES;
				GCC_C_LANGUAGE_STANDARD = gnu99;
				GCC_NO_COMMON_BLOCKS = YES;
				GCC_WARN_64_TO_32_BIT_CONVERSION = YES;
				GCC_WARN_ABOUT_RETURN_TYPE = YES_ERROR;
				GCC_WARN_UNDECLARED_SELECTOR = YES;
				GCC_WARN_UNINITIALIZED_AUTOS = YES_AGGRESSIVE;
				GCC_WARN_UNUSED_FUNCTION = YES;
				GCC_WARN_UNUSED_VARIABLE = YES;
				IPHONEOS_DEPLOYMENT_TARGET = 9.2;
				MTL_ENABLE_DEBUG_INFO = NO;
				SDKROOT = iphoneos;
				VALIDATE_PRODUCT = YES;
			};
			name = Release;
		};
		C59FE2B61C91A3780029F568 /* Debug */ = {
			isa = XCBuildConfiguration;
			buildSettings = {
				ASSETCATALOG_COMPILER_APPICON_NAME = AppIcon;
				INFOPLIST_FILE = SuperCool/Info.plist;
				LD_RUNPATH_SEARCH_PATHS = "$(inherited) @executable_path/Frameworks";
				PRODUCT_BUNDLE_IDENTIFIER = de.unsportsmanlike.SuperCool;
				PRODUCT_NAME = "$(TARGET_NAME)";
			};
			name = Debug;
		};
		C59FE2B71C91A3780029F568 /* Release */ = {
			isa = XCBuildConfiguration;
			buildSettings = {
				ASSETCATALOG_COMPILER_APPICON_NAME = AppIcon;
				INFOPLIST_FILE = SuperCool/Info.plist;
				LD_RUNPATH_SEARCH_PATHS = "$(inherited) @executable_path/Frameworks";
				PRODUCT_BUNDLE_IDENTIFIER = de.unsportsmanlike.SuperCool;
				PRODUCT_NAME = "$(TARGET_NAME)";
			};
			name = Release;
		};
/* End XCBuildConfiguration section */

/* Begin XCConfigurationList section */
		C59FE29E1C91A3770029F568 /* Build configuration list for PBXProject "SuperCool" */ = {
			isa = XCConfigurationList;
			buildConfigurations = (
				C59FE2B31C91A3780029F568 /* Debug */,
				C59FE2B41C91A3780029F568 /* Release */,
			);
			defaultConfigurationIsVisible = 0;
			defaultConfigurationName = Release;
		};
		C59FE2B51C91A3780029F568 /* Build configuration list for PBXNativeTarget "SuperCool" */ = {
			isa = XCConfigurationList;
			buildConfigurations = (
				C59FE2B61C91A3780029F568 /* Debug */,
				C59FE2B71C91A3780029F568 /* Release */,
			);
			defaultConfigurationIsVisible = 0;
		};
/* End XCConfigurationList section */
	};
	rootObject = C59FE29B1C91A3770029F568 /* Project object */;
}
